
Microsoft Visual Studio Solution File, Format Version 12.00
# Visual Studio Version 16
VisualStudioVersion = 16.0.35425.106
MinimumVisualStudioVersion = 10.0.40219.1
Project("{FAE04EC0-301F-11D3-BF4B-00C04F79EFBC}") = "CodingTracker", "CodingTracker\CodingTracker.csproj", "{09ACA12A-B29C-417C-B40E-73FF47FD21D7}"
EndProject
Global
	GlobalSection(SolutionConfigurationPlatforms) = preSolution
		Debug|Any CPU = Debug|Any CPU
		Release|Any CPU = Release|Any CPU
	EndGlobalSection
	GlobalSection(ProjectConfigurationPlatforms) = postSolution
		{09ACA12A-B29C-417C-B40E-73FF47FD21D7}.Debug|Any CPU.ActiveCfg = Debug|Any CPU
		{09ACA12A-B29C-417C-B40E-73FF47FD21D7}.Debug|Any CPU.Build.0 = Debug|Any CPU
		{09ACA12A-B29C-417C-B40E-73FF47FD21D7}.Release|Any CPU.ActiveCfg = Release|Any CPU
		{09ACA12A-B29C-417C-B40E-73FF47FD21D7}.Release|Any CPU.Build.0 = Release|Any CPU
	EndGlobalSection
	GlobalSection(SolutionProperties) = preSolution
		HideSolutionNode = FALSE
	EndGlobalSection
	GlobalSection(ExtensibilityGlobals) = postSolution
		SolutionGuid = {9F83B1E3-8B55-4758-8269-5239D33EE7E6}
	EndGlobalSection
EndGlobal
